// !$*UTF8*$!
{
	archiveVersion = 1;
	classes = {
	};
	objectVersion = 56;
	objects = {

/* Begin PBXBuildFile section */
		A10000000000000000000001 /* PomodoroApp.swift in Sources */ = {isa = PBXBuildFile; fileRef = B10000000000000000000001 /* PomodoroApp.swift */; };
		A10000000000000000000002 /* PomodoroPreferences.swift in Sources */ = {isa = PBXBuildFile; fileRef = B10000000000000000000002 /* PomodoroPreferences.swift */; };
		A10000000000000000000003 /* TimerSession.swift in Sources */ = {isa = PBXBuildFile; fileRef = B10000000000000000000003 /* TimerSession.swift */; };
		A10000000000000000000004 /* AppStorage.swift in Sources */ = {isa = PBXBuildFile; fileRef = B10000000000000000000004 /* AppStorage.swift */; };
		A10000000000000000000005 /* HapticManager.swift in Sources */ = {isa = PBXBuildFile; fileRef = B10000000000000000000005 /* HapticManager.swift */; };
		A10000000000000000000006 /* NotificationManager.swift in Sources */ = {isa = PBXBuildFile; fileRef = B10000000000000000000006 /* NotificationManager.swift */; };
		A10000000000000000000007 /* LiveActivityManager.swift in Sources */ = {isa = PBXBuildFile; fileRef = B10000000000000000000007 /* LiveActivityManager.swift */; };
		A10000000000000000000008 /* PomodoroTimer.swift in Sources */ = {isa = PBXBuildFile; fileRef = B10000000000000000000008 /* PomodoroTimer.swift */; };
		A10000000000000000000009 /* TimerProgressView.swift in Sources */ = {isa = PBXBuildFile; fileRef = B10000000000000000000009 /* TimerProgressView.swift */; };
		A1000000000000000000000A /* CycleIndicator.swift in Sources */ = {isa = PBXBuildFile; fileRef = B1000000000000000000000A /* CycleIndicator.swift */; };
		A1000000000000000000000B /* TimerView.swift in Sources */ = {isa = PBXBuildFile; fileRef = B1000000000000000000000B /* TimerView.swift */; };
		A1000000000000000000000C /* SettingsView.swift in Sources */ = {isa = PBXBuildFile; fileRef = B1000000000000000000000C /* SettingsView.swift */; };
		A1000000000000000000000D /* PomodoroActivityAttributes.swift in Sources */ = {isa = PBXBuildFile; fileRef = B1000000000000000000000D /* PomodoroActivityAttributes.swift */; };
		A1000000000000000000000E /* Assets.xcassets in Resources */ = {isa = PBXBuildFile; fileRef = B1000000000000000000000E /* Assets.xcassets */; };
		A1000000000000000000000F /* PomodoroLiveActivityBundle.swift in Sources */ = {isa = PBXBuildFile; fileRef = B1000000000000000000000F /* PomodoroLiveActivityBundle.swift */; };
		A10000000000000000000010 /* PomodoroLiveActivity.swift in Sources */ = {isa = PBXBuildFile; fileRef = B10000000000000000000010 /* PomodoroLiveActivity.swift */; };
		A10000000000000000000011 /* PomodoroActivityAttributes.swift in Sources */ = {isa = PBXBuildFile; fileRef = B1000000000000000000000D /* PomodoroActivityAttributes.swift */; };
		A10000000000000000000012 /* TimerSessionTests.swift in Sources */ = {isa = PBXBuildFile; fileRef = B10000000000000000000011 /* TimerSessionTests.swift */; };
		A10000000000000000000013 /* PomodoroLiveActivity.appex in Embed App Extensions */ = {isa = PBXBuildFile; fileRef = B10000000000000000000013 /* PomodoroLiveActivity.appex */; settings = {ATTRIBUTES = (CodeSignOnCopy, RemoveHeadersOnCopy, ); }; };
/* End PBXBuildFile section */

/* Begin PBXContainerItemProxy section */
		C10000000000000000000001 = {
			isa = PBXContainerItemProxy;
			containerPortal = D10000000000000000000001 /* Project object */;
			proxyType = 1;
			remoteGlobalIDString = E10000000000000000000002;
			remoteInfo = PomodoroLiveActivity;
		};
		C10000000000000000000002 = {
			isa = PBXContainerItemProxy;
			containerPortal = D10000000000000000000001 /* Project object */;
			proxyType = 1;
			remoteGlobalIDString = E10000000000000000000001;
			remoteInfo = Pomodoro;
		};
/* End PBXContainerItemProxy section */

/* Begin PBXCopyFilesBuildPhase section */
		F10000000000000000000004 /* Embed App Extensions */ = {
			isa = PBXCopyFilesBuildPhase;
			buildActionMask = 2147483647;
			dstPath = "";
			dstSubfolderSpec = 13;
			files = (
				A10000000000000000000013 /* PomodoroLiveActivity.appex in Embed App Extensions */,
			);
			name = "Embed App Extensions";
			runOnlyForDeploymentPostprocessing = 0;
		};
/* End PBXCopyFilesBuildPhase section */

/* Begin PBXFileReference section */
		B10000000000000000000001 /* PomodoroApp.swift */ = {isa = PBXFileReference; lastKnownFileType = sourcecode.swift; path = PomodoroApp.swift; sourceTree = "<group>"; };
		B10000000000000000000002 /* PomodoroPreferences.swift */ = {isa = PBXFileReference; lastKnownFileType = sourcecode.swift; path = PomodoroPreferences.swift; sourceTree = "<group>"; };
		B10000000000000000000003 /* TimerSession.swift */ = {isa = PBXFileReference; lastKnownFileType = sourcecode.swift; path = TimerSession.swift; sourceTree = "<group>"; };
		B10000000000000000000004 /* AppStorage.swift */ = {isa = PBXFileReference; lastKnownFileType = sourcecode.swift; path = AppStorage.swift; sourceTree = "<group>"; };
		B10000000000000000000005 /* HapticManager.swift */ = {isa = PBXFileReference; lastKnownFileType = sourcecode.swift; path = HapticManager.swift; sourceTree = "<group>"; };
		B10000000000000000000006 /* NotificationManager.swift */ = {isa = PBXFileReference; lastKnownFileType = sourcecode.swift; path = NotificationManager.swift; sourceTree = "<group>"; };
		B10000000000000000000007 /* LiveActivityManager.swift */ = {isa = PBXFileReference; lastKnownFileType = sourcecode.swift; path = LiveActivityManager.swift; sourceTree = "<group>"; };
		B10000000000000000000008 /* PomodoroTimer.swift */ = {isa = PBXFileReference; lastKnownFileType = sourcecode.swift; path = PomodoroTimer.swift; sourceTree = "<group>"; };
		B10000000000000000000009 /* TimerProgressView.swift */ = {isa = PBXFileReference; lastKnownFileType = sourcecode.swift; path = TimerProgressView.swift; sourceTree = "<group>"; };
		B1000000000000000000000A /* CycleIndicator.swift */ = {isa = PBXFileReference; lastKnownFileType = sourcecode.swift; path = CycleIndicator.swift; sourceTree = "<group>"; };
		B1000000000000000000000B /* TimerView.swift */ = {isa = PBXFileReference; lastKnownFileType = sourcecode.swift; path = TimerView.swift; sourceTree = "<group>"; };
		B1000000000000000000000C /* SettingsView.swift */ = {isa = PBXFileReference; lastKnownFileType = sourcecode.swift; path = SettingsView.swift; sourceTree = "<group>"; };
		B1000000000000000000000D /* PomodoroActivityAttributes.swift */ = {isa = PBXFileReference; lastKnownFileType = sourcecode.swift; path = PomodoroActivityAttributes.swift; sourceTree = "<group>"; };
		B1000000000000000000000E /* Assets.xcassets */ = {isa = PBXFileReference; lastKnownFileType = folder.assetcatalog; path = Assets.xcassets; sourceTree = "<group>"; };
		B1000000000000000000000F /* PomodoroLiveActivityBundle.swift */ = {isa = PBXFileReference; lastKnownFileType = sourcecode.swift; path = PomodoroLiveActivityBundle.swift; sourceTree = "<group>"; };
		B10000000000000000000010 /* PomodoroLiveActivity.swift */ = {isa = PBXFileReference; lastKnownFileType = sourcecode.swift; path = PomodoroLiveActivity.swift; sourceTree = "<group>"; };
		B10000000000000000000011 /* TimerSessionTests.swift */ = {isa = PBXFileReference; lastKnownFileType = sourcecode.swift; path = TimerSessionTests.swift; sourceTree = "<group>"; };
		B10000000000000000000012 /* Pomodoro.app */ = {isa = PBXFileReference; explicitFileType = wrapper.application; includeInIndex = 0; path = Pomodoro.app; sourceTree = BUILT_PRODUCTS_DIR; };
		B10000000000000000000013 /* PomodoroLiveActivity.appex */ = {isa = PBXFileReference; explicitFileType = "wrapper.app-extension"; includeInIndex = 0; path = PomodoroLiveActivity.appex; sourceTree = BUILT_PRODUCTS_DIR; };
		B10000000000000000000014 /* PomodoroTests.xctest */ = {isa = PBXFileReference; explicitFileType = wrapper.cfbundle; includeInIndex = 0; path = PomodoroTests.xctest; sourceTree = BUILT_PRODUCTS_DIR; };
		B10000000000000000000015 /* Info.plist */ = {isa = PBXFileReference; lastKnownFileType = text.plist.xml; path = Info.plist; sourceTree = "<group>"; };
		B10000000000000000000016 /* Pomodoro.entitlements */ = {isa = PBXFileReference; lastKnownFileType = text.plist.entitlements; path = Pomodoro.entitlements; sourceTree = "<group>"; };
		B10000000000000000000017 /* Info.plist */ = {isa = PBXFileReference; lastKnownFileType = text.plist.xml; path = Info.plist; sourceTree = "<group>"; };
/* End PBXFileReference section */

/* Begin PBXFrameworksBuildPhase section */
		F10000000000000000000001 /* Frameworks */ = {isa = PBXFrameworksBuildPhase; buildActionMask = 2147483647; files = (); runOnlyForDeploymentPostprocessing = 0; };
		F10000000000000000000005 /* Frameworks */ = {isa = PBXFrameworksBuildPhase; buildActionMask = 2147483647; files = (); runOnlyForDeploymentPostprocessing = 0; };
		F10000000000000000000008 /* Frameworks */ = {isa = PBXFrameworksBuildPhase; buildActionMask = 2147483647; files = (); runOnlyForDeploymentPostprocessing = 0; };
/* End PBXFrameworksBuildPhase section */

/* Begin PBXGroup section */
		D10000000000000000000002 = {
			isa = PBXGroup;
			children = (
				D10000000000000000000004 /* PomodoroApp */,
				D10000000000000000000009 /* PomodoroShared */,
				D1000000000000000000000A /* PomodoroLiveActivity */,
				D1000000000000000000000B /* PomodoroTests */,
				D10000000000000000000003 /* Products */,
			);
			sourceTree = "<group>";
		};
		D10000000000000000000003 /* Products */ = {
			isa = PBXGroup;
			children = (
				B10000000000000000000012 /* Pomodoro.app */,
				B10000000000000000000013 /* PomodoroLiveActivity.appex */,
				B10000000000000000000014 /* PomodoroTests.xctest */,
			);
			name = Products;
			sourceTree = "<group>";
		};
		D10000000000000000000004 /* PomodoroApp */ = {
			isa = PBXGroup;
			children = (
				B10000000000000000000001 /* PomodoroApp.swift */,
				D10000000000000000000005 /* Models */,
				D10000000000000000000006 /* Services */,
				D10000000000000000000007 /* ViewModels */,
				D10000000000000000000008 /* Views */,
				B1000000000000000000000E /* Assets.xcassets */,
				B10000000000000000000015 /* Info.plist */,
				B10000000000000000000016 /* Pomodoro.entitlements */,
			);
			path = PomodoroApp;
			sourceTree = "<group>";
		};
		D10000000000000000000005 /* Models */ = {isa = PBXGroup; children = (B10000000000000000000002, B10000000000000000000003, ); path = Models; sourceTree = "<group>"; };
		D10000000000000000000006 /* Services */ = {isa = PBXGroup; children = (B10000000000000000000004, B10000000000000000000005, B10000000000000000000006, B10000000000000000000007, ); path = Services; sourceTree = "<group>"; };
		D10000000000000000000007 /* ViewModels */ = {isa = PBXGroup; children = (B10000000000000000000008, ); path = ViewModels; sourceTree = "<group>"; };
		D10000000000000000000008 /* Views */ = {isa = PBXGroup; children = (B10000000000000000000009, B1000000000000000000000A, B1000000000000000000000B, B1000000000000000000000C, ); path = Views; sourceTree = "<group>"; };
		D10000000000000000000009 /* PomodoroShared */ = {isa = PBXGroup; children = (B1000000000000000000000D, ); path = PomodoroShared; sourceTree = "<group>"; };
		D1000000000000000000000A /* PomodoroLiveActivity */ = {isa = PBXGroup; children = (B1000000000000000000000F, B10000000000000000000010, B10000000000000000000017, ); path = PomodoroLiveActivity; sourceTree = "<group>"; };
		D1000000000000000000000B /* PomodoroTests */ = {isa = PBXGroup; children = (B10000000000000000000011, ); path = PomodoroTests; sourceTree = "<group>"; };
/* End PBXGroup section */

/* Begin PBXNativeTarget section */
		E10000000000000000000001 /* Pomodoro */ = {
			isa = PBXNativeTarget;
			buildConfigurationList = A20000000000000000000001 /* Build configuration list for PBXNativeTarget "Pomodoro" */;
			buildPhases = (F10000000000000000000000, F10000000000000000000001, F10000000000000000000002, F10000000000000000000004, );
			buildRules = ();
			dependencies = (C20000000000000000000001, );
			name = Pomodoro;
			productName = Pomodoro;
			productReference = B10000000000000000000012 /* Pomodoro.app */;
			productType = "com.apple.product-type.application";
		};
		E10000000000000000000002 /* PomodoroLiveActivity */ = {
			isa = PBXNativeTarget;
			buildConfigurationList = A20000000000000000000002 /* Build configuration list for PBXNativeTarget "PomodoroLiveActivity" */;
			buildPhases = (F10000000000000000000003, F10000000000000000000005, F10000000000000000000006, );
			buildRules = ();
			dependencies = ();
			name = PomodoroLiveActivity;
			productName = PomodoroLiveActivity;
			productReference = B10000000000000000000013 /* PomodoroLiveActivity.appex */;
			productType = "com.apple.product-type.app-extension";
		};
		E10000000000000000000003 /* PomodoroTests */ = {
			isa = PBXNativeTarget;
			buildConfigurationList = A20000000000000000000003 /* Build configuration list for PBXNativeTarget "PomodoroTests" */;
			buildPhases = (F10000000000000000000007, F10000000000000000000008, F10000000000000000000009, );
			buildRules = ();
			dependencies = (C20000000000000000000002, );
			name = PomodoroTests;
			productName = PomodoroTests;
			productReference = B10000000000000000000014 /* PomodoroTests.xctest */;
			productType = "com.apple.product-type.bundle.unit-test";
		};
/* End PBXNativeTarget section */

/* Begin PBXProject section */
		D10000000000000000000001 /* Project object */ = {
			isa = PBXProject;
			attributes = {
				BuildIndependentTargetsInParallel = 1;
				LastSwiftUpdateCheck = 2700;
				LastUpgradeCheck = 2700;
				TargetAttributes = {
					E10000000000000000000001 = {CreatedOnToolsVersion = 27.0; };
					E10000000000000000000002 = {CreatedOnToolsVersion = 27.0; };
					E10000000000000000000003 = {CreatedOnToolsVersion = 27.0; TestTargetID = E10000000000000000000001; };
				};
			};
			buildConfigurationList = A20000000000000000000000 /* Build configuration list for PBXProject "Pomodoro" */;
			compatibilityVersion = "Xcode 14.0";
			developmentRegion = en;
			hasScannedForEncodings = 0;
			knownRegions = (en, Base, );
			mainGroup = D10000000000000000000002;
			productRefGroup = D10000000000000000000003 /* Products */;
			projectDirPath = "";
			projectRoot = "";
			targets = (E10000000000000000000001, E10000000000000000000002, E10000000000000000000003, );
		};
/* End PBXProject section */

/* Begin PBXResourcesBuildPhase section */
		F10000000000000000000002 /* Resources */ = {isa = PBXResourcesBuildPhase; buildActionMask = 2147483647; files = (A1000000000000000000000E, ); runOnlyForDeploymentPostprocessing = 0; };
		F10000000000000000000006 /* Resources */ = {isa = PBXResourcesBuildPhase; buildActionMask = 2147483647; files = (); runOnlyForDeploymentPostprocessing = 0; };
		F10000000000000000000009 /* Resources */ = {isa = PBXResourcesBuildPhase; buildActionMask = 2147483647; files = (); runOnlyForDeploymentPostprocessing = 0; };
/* End PBXResourcesBuildPhase section */

/* Begin PBXSourcesBuildPhase section */
		F10000000000000000000000 /* Sources */ = {isa = PBXSourcesBuildPhase; buildActionMask = 2147483647; files = (A10000000000000000000001, A10000000000000000000002, A10000000000000000000003, A10000000000000000000004, A10000000000000000000005, A10000000000000000000006, A10000000000000000000007, A10000000000000000000008, A10000000000000000000009, A1000000000000000000000A, A1000000000000000000000B, A1000000000000000000000C, A1000000000000000000000D, ); runOnlyForDeploymentPostprocessing = 0; };
		F10000000000000000000003 /* Sources */ = {isa = PBXSourcesBuildPhase; buildActionMask = 2147483647; files = (A1000000000000000000000F, A10000000000000000000010, A10000000000000000000011, ); runOnlyForDeploymentPostprocessing = 0; };
		F10000000000000000000007 /* Sources */ = {isa = PBXSourcesBuildPhase; buildActionMask = 2147483647; files = (A10000000000000000000012, ); runOnlyForDeploymentPostprocessing = 0; };
/* End PBXSourcesBuildPhase section */

/* Begin PBXTargetDependency section */
		C20000000000000000000001 /* PBXTargetDependency */ = {isa = PBXTargetDependency; target = E10000000000000000000002 /* PomodoroLiveActivity */; targetProxy = C10000000000000000000001; };
		C20000000000000000000002 /* PBXTargetDependency */ = {isa = PBXTargetDependency; target = E10000000000000000000001 /* Pomodoro */; targetProxy = C10000000000000000000002; };
/* End PBXTargetDependency section */

/* Begin XCBuildConfiguration section */
		A30000000000000000000001 /* Debug */ = {isa = XCBuildConfiguration; buildSettings = {ALWAYS_SEARCH_USER_PATHS = NO; ASSETCATALOG_COMPILER_GENERATE_SWIFT_ASSET_SYMBOL_EXTENSIONS = YES; CLANG_ENABLE_MODULES = YES; CLANG_ENABLE_OBJC_ARC = YES; DEBUG_INFORMATION_FORMAT = dwarf; ENABLE_TESTABILITY = YES; GCC_C_LANGUAGE_STANDARD = gnu17; GCC_OPTIMIZATION_LEVEL = 0; IPHONEOS_DEPLOYMENT_TARGET = 27.0; ONLY_ACTIVE_ARCH = YES; SDKROOT = iphoneos; SWIFT_ACTIVE_COMPILATION_CONDITIONS = "DEBUG $(inherited)"; SWIFT_OPTIMIZATION_LEVEL = "-Onone"; }; name = Debug; };
		A30000000000000000000002 /* Release */ = {isa = XCBuildConfiguration; buildSettings = {ALWAYS_SEARCH_USER_PATHS = NO; ASSETCATALOG_COMPILER_GENERATE_SWIFT_ASSET_SYMBOL_EXTENSIONS = YES; CLANG_ENABLE_MODULES = YES; CLANG_ENABLE_OBJC_ARC = YES; DEBUG_INFORMATION_FORMAT = "dwarf-with-dsym"; ENABLE_NS_ASSERTIONS = NO; GCC_C_LANGUAGE_STANDARD = gnu17; IPHONEOS_DEPLOYMENT_TARGET = 27.0; SDKROOT = iphoneos; SWIFT_COMPILATION_MODE = wholemodule; VALIDATE_PRODUCT = YES; }; name = Release; };
		A30000000000000000000003 /* Debug */ = {isa = XCBuildConfiguration; buildSettings = {ASSETCATALOG_COMPILER_APPICON_NAME = AppIcon; ASSETCATALOG_COMPILER_GLOBAL_ACCENT_COLOR_NAME = AccentColor; CODE_SIGN_ENTITLEMENTS = PomodoroApp/Pomodoro.entitlements; CODE_SIGN_STYLE = Automatic; CURRENT_PROJECT_VERSION = 1; DEVELOPMENT_TEAM = ""; GENERATE_INFOPLIST_FILE = NO; INFOPLIST_FILE = PomodoroApp/Info.plist; INFOPLIST_KEY_CFBundleDisplayName = Pomodoro; INFOPLIST_KEY_UILaunchScreen_Generation = YES; MARKETING_VERSION = 0.0.0; PRODUCT_BUNDLE_IDENTIFIER = com.raaaton.Pomodoro; PRODUCT_NAME = "$(TARGET_NAME)"; SUPPORTED_PLATFORMS = "iphoneos iphonesimulator"; SUPPORTS_MACCATALYST = NO; SWIFT_EMIT_LOC_STRINGS = YES; SWIFT_VERSION = 5.0; TARGETED_DEVICE_FAMILY = 1; }; name = Debug; };
		A30000000000000000000004 /* Release */ = {isa = XCBuildConfiguration; buildSettings = {ASSETCATALOG_COMPILER_APPICON_NAME = AppIcon; ASSETCATALOG_COMPILER_GLOBAL_ACCENT_COLOR_NAME = AccentColor; CODE_SIGN_ENTITLEMENTS = PomodoroApp/Pomodoro.entitlements; CODE_SIGN_STYLE = Automatic; CURRENT_PROJECT_VERSION = 1; DEVELOPMENT_TEAM = ""; GENERATE_INFOPLIST_FILE = NO; INFOPLIST_FILE = PomodoroApp/Info.plist; INFOPLIST_KEY_CFBundleDisplayName = Pomodoro; INFOPLIST_KEY_UILaunchScreen_Generation = YES; MARKETING_VERSION = 0.0.0; PRODUCT_BUNDLE_IDENTIFIER = com.raaaton.Pomodoro; PRODUCT_NAME = "$(TARGET_NAME)"; SUPPORTED_PLATFORMS = "iphoneos iphonesimulator"; SUPPORTS_MACCATALYST = NO; SWIFT_EMIT_LOC_STRINGS = YES; SWIFT_VERSION = 5.0; TARGETED_DEVICE_FAMILY = 1; }; name = Release; };
		A30000000000000000000005 /* Debug */ = {isa = XCBuildConfiguration; buildSettings = {APPLICATION_EXTENSION_API_ONLY = YES; CODE_SIGN_STYLE = Automatic; CURRENT_PROJECT_VERSION = 1; DEVELOPMENT_TEAM = ""; GENERATE_INFOPLIST_FILE = NO; INFOPLIST_FILE = PomodoroLiveActivity/Info.plist; IPHONEOS_DEPLOYMENT_TARGET = 27.0; LD_RUNPATH_SEARCH_PATHS = "$(inherited) @executable_path/Frameworks @executable_path/../../Frameworks"; MARKETING_VERSION = 0.0.0; PRODUCT_BUNDLE_IDENTIFIER = com.raaaton.Pomodoro.LiveActivity; PRODUCT_NAME = "$(TARGET_NAME)"; SKIP_INSTALL = YES; SUPPORTED_PLATFORMS = "iphoneos iphonesimulator"; SWIFT_EMIT_LOC_STRINGS = YES; SWIFT_VERSION = 5.0; TARGETED_DEVICE_FAMILY = 1; }; name = Debug; };
		A30000000000000000000006 /* Release */ = {isa = XCBuildConfiguration; buildSettings = {APPLICATION_EXTENSION_API_ONLY = YES; CODE_SIGN_STYLE = Automatic; CURRENT_PROJECT_VERSION = 1; DEVELOPMENT_TEAM = ""; GENERATE_INFOPLIST_FILE = NO; INFOPLIST_FILE = PomodoroLiveActivity/Info.plist; IPHONEOS_DEPLOYMENT_TARGET = 27.0; LD_RUNPATH_SEARCH_PATHS = "$(inherited) @executable_path/Frameworks @executable_path/../../Frameworks"; MARKETING_VERSION = 0.0.0; PRODUCT_BUNDLE_IDENTIFIER = com.raaaton.Pomodoro.LiveActivity; PRODUCT_NAME = "$(TARGET_NAME)"; SKIP_INSTALL = YES; SUPPORTED_PLATFORMS = "iphoneos iphonesimulator"; SWIFT_EMIT_LOC_STRINGS = YES; SWIFT_VERSION = 5.0; TARGETED_DEVICE_FAMILY = 1; }; name = Release; };
		A30000000000000000000007 /* Debug */ = {isa = XCBuildConfiguration; buildSettings = {BUNDLE_LOADER = "$(TEST_HOST)"; CODE_SIGN_STYLE = Automatic; CURRENT_PROJECT_VERSION = 1; GENERATE_INFOPLIST_FILE = YES; IPHONEOS_DEPLOYMENT_TARGET = 27.0; MARKETING_VERSION = 0.0.0; PRODUCT_BUNDLE_IDENTIFIER = com.raaaton.PomodoroTests; PRODUCT_NAME = "$(TARGET_NAME)"; SWIFT_VERSION = 5.0; TARGETED_DEVICE_FAMILY = 1; TEST_HOST = "$(BUILT_PRODUCTS_DIR)/Pomodoro.app/$(BUNDLE_EXECUTABLE_FOLDER_PATH)/Pomodoro"; }; name = Debug; };
		A30000000000000000000008 /* Release */ = {isa = XCBuildConfiguration; buildSettings = {BUNDLE_LOADER = "$(TEST_HOST)"; CODE_SIGN_STYLE = Automatic; CURRENT_PROJECT_VERSION = 1; GENERATE_INFOPLIST_FILE = YES; IPHONEOS_DEPLOYMENT_TARGET = 27.0; MARKETING_VERSION = 0.0.0; PRODUCT_BUNDLE_IDENTIFIER = com.raaaton.PomodoroTests; PRODUCT_NAME = "$(TARGET_NAME)"; SWIFT_VERSION = 5.0; TARGETED_DEVICE_FAMILY = 1; TEST_HOST = "$(BUILT_PRODUCTS_DIR)/Pomodoro.app/$(BUNDLE_EXECUTABLE_FOLDER_PATH)/Pomodoro"; }; name = Release; };
/* End XCBuildConfiguration section */

/* Begin XCConfigurationList section */
		A20000000000000000000000 /* Build configuration list for PBXProject "Pomodoro" */ = {isa = XCConfigurationList; buildConfigurations = (A30000000000000000000001, A30000000000000000000002, ); defaultConfigurationIsVisible = 0; defaultConfigurationName = Release; };
		A20000000000000000000001 /* Build configuration list for PBXNativeTarget "Pomodoro" */ = {isa = XCConfigurationList; buildConfigurations = (A30000000000000000000003, A30000000000000000000004, ); defaultConfigurationIsVisible = 0; defaultConfigurationName = Release; };
		A20000000000000000000002 /* Build configuration list for PBXNativeTarget "PomodoroLiveActivity" */ = {isa = XCConfigurationList; buildConfigurations = (A30000000000000000000005, A30000000000000000000006, ); defaultConfigurationIsVisible = 0; defaultConfigurationName = Release; };
		A20000000000000000000003 /* Build configuration list for PBXNativeTarget "PomodoroTests" */ = {isa = XCConfigurationList; buildConfigurations = (A30000000000000000000007, A30000000000000000000008, ); defaultConfigurationIsVisible = 0; defaultConfigurationName = Release; };
/* End XCConfigurationList section */
	};
	rootObject = D10000000000000000000001 /* Project object */;
}
